{
  "originHash" : "2f0956fe1a6bf4f4170d910ba66488b47bb30319b522f741d16fbe7dd79e7897",
  "pins" : [
    {
      "identity" : "analyzerkit",
      "kind" : "remoteSourceControl",
      "location" : "https://github.com/g-cqd/analyzerkit.git",
      "state" : {
        "revision" : "ff190313267c002242d80598332994729a9c31c7"
      }
    },
    {
      "identity" : "swift-argument-parser",
      "kind" : "remoteSourceControl",
      "location" : "https://github.com/apple/swift-argument-parser.git",
      "state" : {
        "revision" : "6a52f3251125d74daf04fcbd5e6f08a75d074382",
        "version" : "1.8.2"
      }
    },
    {
      "identity" : "swift-syntax",
      "kind" : "remoteSourceControl",
      "location" : "https://github.com/swiftlang/swift-syntax.git",
      "state" : {
        "revision" : "79e4b74a295b6eb74a8b585e3a39d29e70c1dbd1",
        "version" : "603.0.2"
      }
    },
    {
      "identity" : "swift-system",
      "kind" : "remoteSourceControl",
      "location" : "https://github.com/apple/swift-system.git",
      "state" : {
        "revision" : "869129b7bf4ecc57b97d0193ad29690ca2134750",
        "version" : "1.8.1"
      }
    }
  ],
  "version" : 3
}
